
Microsoft Visual Studio Solution File, Format Version 12.00
# Visual Studio Version 16
VisualStudioVersion = 16.0.29519.181
MinimumVisualStudioVersion = 10.0.40219.1
Project("{8BC9CEB8-8B4A-11D0-8D11-00A0C91BC942}") = "Polyforage-Engine", "Polyforage-Engine\Polyforage-Engine.vcxproj", "{4C79AAA7-6330-4C37-9D8F-C4AEC0E30A92}"
EndProject
Project("{8BC9CEB8-8B4A-11D0-8D11-00A0C91BC942}") = "Polyforage-ModelConverter", "Polyforage-ModelConverter\Polyforage-ModelConverter.vcxproj", "{AB3C4B12-1B3A-4C93-97E9-D48BB8126C13}"
EndProject
Global
	GlobalSection(SolutionConfigurationPlatforms) = preSolution
		Debug|x64 = Debug|x64
		Debug|x86 = Debug|x86
		Release|x64 = Release|x64
		Release|x86 = Release|x86
	EndGlobalSection
	GlobalSection(ProjectConfigurationPlatforms) = postSolution
		{4C79AAA7-6330-4C37-9D8F-C4AEC0E30A92}.Debug|x64.ActiveCfg = Debug|x64
		{4C79AAA7-6330-4C37-9D8F-C4AEC0E30A92}.Debug|x64.Build.0 = Debug|x64
		{4C79AAA7-6330-4C37-9D8F-C4AEC0E30A92}.Debug|x86.ActiveCfg = Debug|Win32
		{4C79AAA7-6330-4C37-9D8F-C4AEC0E30A92}.Debug|x86.Build.0 = Debug|Win32
		{4C79AAA7-6330-4C37-9D8F-C4AEC0E30A92}.Release|x64.ActiveCfg = Release|x64
		{4C79AAA7-6330-4C37-9D8F-C4AEC0E30A92}.Release|x64.Build.0 = Release|x64
		{4C79AAA7-6330-4C37-9D8F-C4AEC0E30A92}.Release|x86.ActiveCfg = Release|Win32
		{4C79AAA7-6330-4C37-9D8F-C4AEC0E30A92}.Release|x86.Build.0 = Release|Win32
		{AB3C4B12-1B3A-4C93-97E9-D48BB8126C13}.Debug|x64.ActiveCfg = Debug|x64
		{AB3C4B12-1B3A-4C93-97E9-D48BB8126C13}.Debug|x64.Build.0 = Debug|x64
		{AB3C4B12-1B3A-4C93-97E9-D48BB8126C13}.Debug|x86.ActiveCfg = Debug|Win32
		{AB3C4B12-1B3A-4C93-97E9-D48BB8126C13}.Debug|x86.Build.0 = Debug|Win32
		{AB3C4B12-1B3A-4C93-97E9-D48BB8126C13}.Release|x64.ActiveCfg = Release|x64
		{AB3C4B12-1B3A-4C93-97E9-D48BB8126C13}.Release|x64.Build.0 = Release|x64
		{AB3C4B12-1B3A-4C93-97E9-D48BB8126C13}.Release|x86.ActiveCfg = Release|Win32
		{AB3C4B12-1B3A-4C93-97E9-D48BB8126C13}.Release|x86.Build.0 = Release|Win32
	EndGlobalSection
	GlobalSection(SolutionProperties) = preSolution
		HideSolutionNode = FALSE
	EndGlobalSection
	GlobalSection(ExtensibilityGlobals) = postSolution
		SolutionGuid = {C53E776A-1985-417B-86BB-CECC8159B767}
	EndGlobalSection
EndGlobal
